
Microsoft Visual Studio Solution File, Format Version 12.00
# Visual Studio Version 17
VisualStudioVersion = 17.3.32819.101
MinimumVisualStudioVersion = 10.0.40219.1
Project("{FAE04EC0-301F-11D3-BF4B-00C04F79EFBC}") = "Morseovka", "Morseovka\Morseovka.csproj", "{CC0898B7-B919-467F-BD31-0856FA522B02}"
EndProject
Global
	GlobalSection(SolutionConfigurationPlatforms) = preSolution
		Debug|Any CPU = Debug|Any CPU
		Release|Any CPU = Release|Any CPU
	EndGlobalSection
	GlobalSection(ProjectConfigurationPlatforms) = postSolution
		{CC0898B7-B919-467F-BD31-0856FA522B02}.Debug|Any CPU.ActiveCfg = Debug|Any CPU
		{CC0898B7-B919-467F-BD31-0856FA522B02}.Debug|Any CPU.Build.0 = Debug|Any CPU
		{CC0898B7-B919-467F-BD31-0856FA522B02}.Release|Any CPU.ActiveCfg = Release|Any CPU
		{CC0898B7-B919-467F-BD31-0856FA522B02}.Release|Any CPU.Build.0 = Release|Any CPU
	EndGlobalSection
	GlobalSection(SolutionProperties) = preSolution
		HideSolutionNode = FALSE
	EndGlobalSection
	GlobalSection(ExtensibilityGlobals) = postSolution
		SolutionGuid = {F22A0EC0-AD7D-4609-A3BE-08E4F7CDA57F}
	EndGlobalSection
EndGlobal
